{
  "name": "@securityjourney/aspen-connector",
  "version": "0.1.0",
  "lockfileVersion": 3,
  "requires": true,
  "packages": {
    "": {
      "name": "@securityjourney/aspen-connector",
      "version": "0.1.0",
      "license": "ISC",
      "bin": {
        "aspen-connector": "src/index.js"
      },
      "engines": {
        "node": ">=20"
      }
    }
  }
}
